# THIS IS AN AUTOGENERATED FILE. DO NOT EDIT THIS FILE DIRECTLY.
# yarn lockfile v1


anchor-markdown-header@^0.5.5:
  version "0.5.7"
  resolved "https://registry.yarnpkg.com/anchor-markdown-header/-/anchor-markdown-header-0.5.7.tgz#045063d76e6a1f9cd327a57a0126aa0fdec371a7"
  dependencies:
    emoji-regex "~6.1.0"

bail@^1.0.0:
  version "1.0.3"
  resolved "https://registry.yarnpkg.com/bail/-/bail-1.0.3.tgz#63cfb9ddbac829b02a3128cd53224be78e6c21a3"

boundary@^1.0.1:
  version "1.0.1"
  resolved "https://registry.yarnpkg.com/boundary/-/boundary-1.0.1.tgz#4d67dc2602c0cc16dd9bce7ebf87e948290f5812"

ccount@^1.0.0:
  version "1.0.3"
  resolved "https://registry.yarnpkg.com/ccount/-/ccount-1.0.3.tgz#f1cec43f332e2ea5a569fd46f9f5bde4e6102aff"

character-entities-html4@^1.0.0:
  version "1.1.2"
  resolved "https://registry.yarnpkg.com/character-entities-html4/-/character-entities-html4-1.1.2.tgz#c44fdde3ce66b52e8d321d6c1bf46101f0150610"

character-entities-legacy@^1.0.0:
  version "1.1.2"
  resolved "https://registry.yarnpkg.com/character-entities-legacy/-/character-entities-legacy-1.1.2.tgz#7c6defb81648498222c9855309953d05f4d63a9c"

character-entities@^1.0.0:
  version "1.2.2"
  resolved "https://registry.yarnpkg.com/character-entities/-/character-entities-1.2.2.tgz#58c8f371c0774ef0ba9b2aca5f00d8f100e6e363"

character-reference-invalid@^1.0.0:
  version "1.1.2"
  resolved "https://registry.yarnpkg.com/character-reference-invalid/-/character-reference-invalid-1.1.2.tgz#21e421ad3d84055952dab4a43a04e73cd425d3ed"

collapse-white-space@^1.0.0:
  version "1.0.4"
  resolved "https://registry.yarnpkg.com/collapse-white-space/-/collapse-white-space-1.0.4.tgz#ce05cf49e54c3277ae573036a26851ba430a0091"

core-util-is@~1.0.0:
  version "1.0.2"
  resolved "https://registry.yarnpkg.com/core-util-is/-/core-util-is-1.0.2.tgz#b5fd54220aa2bc5ab57aab7140c940754503c1a7"

debug@^2.1.3:
  version "2.6.9"
  resolved "https://registry.yarnpkg.com/debug/-/debug-2.6.9.tgz#5d128515df134ff327e90a4c93f4e077a536341f"
  dependencies:
    ms "2.0.0"

doctoc@^1.3.1:
  version "1.3.1"
  resolved "https://registry.yarnpkg.com/doctoc/-/doctoc-1.3.1.tgz#f012e3603e3156254c2ef22ac88c7190f55426ba"
  dependencies:
    anchor-markdown-header "^0.5.5"
    htmlparser2 "~3.9.2"
    markdown-to-ast "~3.4.0"
    minimist "~1.2.0"
    underscore "~1.8.3"
    update-section "^0.3.0"

dom-serializer@0:
  version "0.1.0"
  resolved "https://registry.yarnpkg.com/dom-serializer/-/dom-serializer-0.1.0.tgz#073c697546ce0780ce23be4a28e293e40bc30c82"
  dependencies:
    domelementtype "~1.1.1"
    entities "~1.1.1"

domelementtype@1, domelementtype@^1.3.0:
  version "1.3.0"
  resolved "https://registry.yarnpkg.com/domelementtype/-/domelementtype-1.3.0.tgz#b17aed82e8ab59e52dd9c19b1756e0fc187204c2"

domelementtype@~1.1.1:
  version "1.1.3"
  resolved "https://registry.yarnpkg.com/domelementtype/-/domelementtype-1.1.3.tgz#bd28773e2642881aec51544924299c5cd822185b"

domhandler@^2.3.0:
  version "2.4.2"
  resolved "https://registry.yarnpkg.com/domhandler/-/domhandler-2.4.2.tgz#8805097e933d65e85546f726d60f5eb88b44f803"
  dependencies:
    domelementtype "1"

domutils@^1.5.1:
  version "1.7.0"
  resolved "https://registry.yarnpkg.com/domutils/-/domutils-1.7.0.tgz#56ea341e834e06e6748af7a1cb25da67ea9f8c2a"
  dependencies:
    dom-serializer "0"
    domelementtype "1"

emoji-regex@~6.1.0:
  version "6.1.3"
  resolved "https://registry.yarnpkg.com/emoji-regex/-/emoji-regex-6.1.3.tgz#ec79a3969b02d2ecf2b72254279bf99bc7a83932"

entities@^1.1.1, entities@~1.1.1:
  version "1.1.1"
  resolved "https://registry.yarnpkg.com/entities/-/entities-1.1.1.tgz#6e5c2d0a5621b5dadaecef80b90edfb5cd7772f0"

extend@^3.0.0:
  version "3.0.2"
  resolved "https://registry.yarnpkg.com/extend/-/extend-3.0.2.tgz#f8b1136b4071fbd8eb140aff858b1019ec2915fa"

function-bind@^1.1.1:
  version "1.1.1"
  resolved "https://registry.yarnpkg.com/function-bind/-/function-bind-1.1.1.tgz#a56899d3ea3c9bab874bb9773b7c5ede92f4895d"

has@^1.0.1:
  version "1.0.3"
  resolved "https://registry.yarnpkg.com/has/-/has-1.0.3.tgz#722d7cbfc1f6aa8241f16dd814e011e1f41e8796"
  dependencies:
    function-bind "^1.1.1"

htmlparser2@~3.9.2:
  version "3.9.2"
  resolved "https://registry.yarnpkg.com/htmlparser2/-/htmlparser2-3.9.2.tgz#1bdf87acca0f3f9e53fa4fcceb0f4b4cbb00b338"
  dependencies:
    domelementtype "^1.3.0"
    domhandler "^2.3.0"
    domutils "^1.5.1"
    entities "^1.1.1"
    inherits "^2.0.1"
    readable-stream "^2.0.2"

inherits@^2.0.1, inherits@~2.0.3:
  version "2.0.3"
  resolved "https://registry.yarnpkg.com/inherits/-/inherits-2.0.3.tgz#633c2c83e3da42a502f52466022480f4208261de"

is-alphabetical@^1.0.0:
  version "1.0.2"
  resolved "https://registry.yarnpkg.com/is-alphabetical/-/is-alphabetical-1.0.2.tgz#1fa6e49213cb7885b75d15862fb3f3d96c884f41"

is-alphanumerical@^1.0.0:
  version "1.0.2"
  resolved "https://registry.yarnpkg.com/is-alphanumerical/-/is-alphanumerical-1.0.2.tgz#1138e9ae5040158dc6ff76b820acd6b7a181fd40"
  dependencies:
    is-alphabetical "^1.0.0"
    is-decimal "^1.0.0"

is-decimal@^1.0.0:
  version "1.0.2"
  resolved "https://registry.yarnpkg.com/is-decimal/-/is-decimal-1.0.2.tgz#894662d6a8709d307f3a276ca4339c8fa5dff0ff"

is-hexadecimal@^1.0.0:
  version "1.0.2"
  resolved "https://registry.yarnpkg.com/is-hexadecimal/-/is-hexadecimal-1.0.2.tgz#b6e710d7d07bb66b98cb8cece5c9b4921deeb835"

isarray@~1.0.0:
  version "1.0.0"
  resolved "https://registry.yarnpkg.com/isarray/-/isarray-1.0.0.tgz#bb935d48582cba168c06834957a54a3e07124f11"

longest-streak@^1.0.0:
  version "1.0.0"
  resolved "https://registry.yarnpkg.com/longest-streak/-/longest-streak-1.0.0.tgz#d06597c4d4c31b52ccb1f5d8f8fe7148eafd6965"

markdown-table@^0.4.0:
  version "0.4.0"
  resolved "https://registry.yarnpkg.com/markdown-table/-/markdown-table-0.4.0.tgz#890c2c1b3bfe83fb00e4129b8e4cfe645270f9d1"

markdown-to-ast@~3.4.0:
  version "3.4.0"
  resolved "https://registry.yarnpkg.com/markdown-to-ast/-/markdown-to-ast-3.4.0.tgz#0e2cba81390b0549a9153ec3b0d915b61c164be7"
  dependencies:
    debug "^2.1.3"
    remark "^5.0.1"
    structured-source "^3.0.2"
    traverse "^0.6.6"

minimist@~1.2.0:
  version "1.2.0"
  resolved "https://registry.yarnpkg.com/minimist/-/minimist-1.2.0.tgz#a35008b20f41383eec1fb914f4cd5df79a264284"

ms@2.0.0:
  version "2.0.0"
  resolved "https://registry.yarnpkg.com/ms/-/ms-2.0.0.tgz#5608aeadfc00be6c2901df5f9861788de0d597c8"

once@^1.3.3:
  version "1.4.0"
  resolved "https://registry.yarnpkg.com/once/-/once-1.4.0.tgz#583b1aa775961d4b113ac17d9c50baef9dd76bd1"
  dependencies:
    wrappy "1"

parse-entities@^1.0.2:
  version "1.1.2"
  resolved "https://registry.yarnpkg.com/parse-entities/-/parse-entities-1.1.2.tgz#9eaf719b29dc3bd62246b4332009072e01527777"
  dependencies:
    character-entities "^1.0.0"
    character-entities-legacy "^1.0.0"
    character-reference-invalid "^1.0.0"
    is-alphanumerical "^1.0.0"
    is-decimal "^1.0.0"
    is-hexadecimal "^1.0.0"

process-nextick-args@~2.0.0:
  version "2.0.0"
  resolved "https://registry.yarnpkg.com/process-nextick-args/-/process-nextick-args-2.0.0.tgz#a37d732f4271b4ab1ad070d35508e8290788ffaa"

readable-stream@^2.0.2:
  version "2.3.6"
  resolved "https://registry.yarnpkg.com/readable-stream/-/readable-stream-2.3.6.tgz#b11c27d88b8ff1fbe070643cf94b0c79ae1b0aaf"
  dependencies:
    core-util-is "~1.0.0"
    inherits "~2.0.3"
    isarray "~1.0.0"
    process-nextick-args "~2.0.0"
    safe-buffer "~5.1.1"
    string_decoder "~1.1.1"
    util-deprecate "~1.0.1"

remark-parse@^1.1.0:
  version "1.1.0"
  resolved "https://registry.yarnpkg.com/remark-parse/-/remark-parse-1.1.0.tgz#c3ca10f9a8da04615c28f09aa4e304510526ec21"
  dependencies:
    collapse-white-space "^1.0.0"
    extend "^3.0.0"
    parse-entities "^1.0.2"
    repeat-string "^1.5.4"
    trim "0.0.1"
    trim-trailing-lines "^1.0.0"
    unherit "^1.0.4"
    unist-util-remove-position "^1.0.0"
    vfile-location "^2.0.0"

remark-stringify@^1.1.0:
  version "1.1.0"
  resolved "https://registry.yarnpkg.com/remark-stringify/-/remark-stringify-1.1.0.tgz#a7105e25b9ee2bf9a49b75d2c423f11b06ae2092"
  dependencies:
    ccount "^1.0.0"
    extend "^3.0.0"
    longest-streak "^1.0.0"
    markdown-table "^0.4.0"
    parse-entities "^1.0.2"
    repeat-string "^1.5.4"
    stringify-entities "^1.0.1"
    unherit "^1.0.4"

remark@^5.0.1:
  version "5.1.0"
  resolved "https://registry.yarnpkg.com/remark/-/remark-5.1.0.tgz#cb463bd3dbcb4b99794935eee1cf71d7a8e3068c"
  dependencies:
    remark-parse "^1.1.0"
    remark-stringify "^1.1.0"
    unified "^4.1.1"

repeat-string@^1.5.4:
  version "1.6.1"
  resolved "https://registry.yarnpkg.com/repeat-string/-/repeat-string-1.6.1.tgz#8dcae470e1c88abc2d600fff4a776286da75e637"

safe-buffer@~5.1.0, safe-buffer@~5.1.1:
  version "5.1.2"
  resolved "https://registry.yarnpkg.com/safe-buffer/-/safe-buffer-5.1.2.tgz#991ec69d296e0313747d59bdfd2b745c35f8828d"

string_decoder@~1.1.1:
  version "1.1.1"
  resolved "https://registry.yarnpkg.com/string_decoder/-/string_decoder-1.1.1.tgz#9cf1611ba62685d7030ae9e4ba34149c3af03fc8"
  dependencies:
    safe-buffer "~5.1.0"

stringify-entities@^1.0.1:
  version "1.3.2"
  resolved "https://registry.yarnpkg.com/stringify-entities/-/stringify-entities-1.3.2.tgz#a98417e5471fd227b3e45d3db1861c11caf668f7"
  dependencies:
    character-entities-html4 "^1.0.0"
    character-entities-legacy "^1.0.0"
    is-alphanumerical "^1.0.0"
    is-hexadecimal "^1.0.0"

structured-source@^3.0.2:
  version "3.0.2"
  resolved "https://registry.yarnpkg.com/structured-source/-/structured-source-3.0.2.tgz#dd802425e0f53dc4a6e7aca3752901a1ccda7af5"
  dependencies:
    boundary "^1.0.1"

traverse@^0.6.6:
  version "0.6.6"
  resolved "https://registry.yarnpkg.com/traverse/-/traverse-0.6.6.tgz#cbdf560fd7b9af632502fed40f918c157ea97137"

trim-trailing-lines@^1.0.0:
  version "1.1.1"
  resolved "https://registry.yarnpkg.com/trim-trailing-lines/-/trim-trailing-lines-1.1.1.tgz#e0ec0810fd3c3f1730516b45f49083caaf2774d9"

trim@0.0.1:
  version "0.0.1"
  resolved "https://registry.yarnpkg.com/trim/-/trim-0.0.1.tgz#5858547f6b290757ee95cccc666fb50084c460dd"

trough@^1.0.0:
  version "1.0.2"
  resolved "https://registry.yarnpkg.com/trough/-/trough-1.0.2.tgz#7f1663ec55c480139e2de5e486c6aef6cc24a535"

underscore@~1.8.3:
  version "1.8.3"
  resolved "https://registry.yarnpkg.com/underscore/-/underscore-1.8.3.tgz#4f3fb53b106e6097fcf9cb4109f2a5e9bdfa5022"

unherit@^1.0.4:
  version "1.1.1"
  resolved "https://registry.yarnpkg.com/unherit/-/unherit-1.1.1.tgz#132748da3e88eab767e08fabfbb89c5e9d28628c"
  dependencies:
    inherits "^2.0.1"
    xtend "^4.0.1"

unified@^4.1.1:
  version "4.2.1"
  resolved "https://registry.yarnpkg.com/unified/-/unified-4.2.1.tgz#76ff43aa8da430f6e7e4a55c84ebac2ad2cfcd2e"
  dependencies:
    bail "^1.0.0"
    extend "^3.0.0"
    has "^1.0.1"
    once "^1.3.3"
    trough "^1.0.0"
    vfile "^1.0.0"

unist-util-is@^2.1.2:
  version "2.1.2"
  resolved "https://registry.yarnpkg.com/unist-util-is/-/unist-util-is-2.1.2.tgz#1193fa8f2bfbbb82150633f3a8d2eb9a1c1d55db"

unist-util-remove-position@^1.0.0:
  version "1.1.2"
  resolved "https://registry.yarnpkg.com/unist-util-remove-position/-/unist-util-remove-position-1.1.2.tgz#86b5dad104d0bbfbeb1db5f5c92f3570575c12cb"
  dependencies:
    unist-util-visit "^1.1.0"

unist-util-visit-parents@^2.0.0:
  version "2.0.1"
  resolved "https://registry.yarnpkg.com/unist-util-visit-parents/-/unist-util-visit-parents-2.0.1.tgz#63fffc8929027bee04bfef7d2cce474f71cb6217"
  dependencies:
    unist-util-is "^2.1.2"

unist-util-visit@^1.1.0:
  version "1.4.0"
  resolved "https://registry.yarnpkg.com/unist-util-visit/-/unist-util-visit-1.4.0.tgz#1cb763647186dc26f5e1df5db6bd1e48b3cc2fb1"
  dependencies:
    unist-util-visit-parents "^2.0.0"

update-section@^0.3.0:
  version "0.3.3"
  resolved "https://registry.yarnpkg.com/update-section/-/update-section-0.3.3.tgz#458f17820d37820dc60e20b86d94391b00123158"

util-deprecate@~1.0.1:
  version "1.0.2"
  resolved "https://registry.yarnpkg.com/util-deprecate/-/util-deprecate-1.0.2.tgz#450d4dc9fa70de732762fbd2d4a28981419a0ccf"

vfile-location@^2.0.0:
  version "2.0.3"
  resolved "https://registry.yarnpkg.com/vfile-location/-/vfile-location-2.0.3.tgz#083ba80e50968e8d420be49dd1ea9a992131df77"

vfile@^1.0.0:
  version "1.4.0"
  resolved "https://registry.yarnpkg.com/vfile/-/vfile-1.4.0.tgz#c0fd6fa484f8debdb771f68c31ed75d88da97fe7"

wrappy@1:
  version "1.0.2"
  resolved "https://registry.yarnpkg.com/wrappy/-/wrappy-1.0.2.tgz#b5243d8f3ec1aa35f1364605bc0d1036e30ab69f"

xtend@^4.0.1:
  version "4.0.1"
  resolved "https://registry.yarnpkg.com/xtend/-/xtend-4.0.1.tgz#a5c6d532be656e23db820efb943a1f04998d63af"
